
Microsoft Visual Studio Solution File, Format Version 12.00
# Visual Studio Version 17
VisualStudioVersion = 17.5.002.0
MinimumVisualStudioVersion = 10.0.40219.1
Project("{9A19103F-16F7-4668-BE54-9A1E7A4F7556}") = "school_calendar_back", "school_calendar_back\school_calendar_back.csproj", "{5A8EEBE7-1AEC-4455-AFCE-C68CC9DF4E18}"
EndProject
Global
	GlobalSection(SolutionConfigurationPlatforms) = preSolution
		Debug|Any CPU = Debug|Any CPU
		Release|Any CPU = Release|Any CPU
	EndGlobalSection
	GlobalSection(ProjectConfigurationPlatforms) = postSolution
		{5A8EEBE7-1AEC-4455-AFCE-C68CC9DF4E18}.Debug|Any CPU.ActiveCfg = Debug|Any CPU
		{5A8EEBE7-1AEC-4455-AFCE-C68CC9DF4E18}.Debug|Any CPU.Build.0 = Debug|Any CPU
		{5A8EEBE7-1AEC-4455-AFCE-C68CC9DF4E18}.Release|Any CPU.ActiveCfg = Release|Any CPU
		{5A8EEBE7-1AEC-4455-AFCE-C68CC9DF4E18}.Release|Any CPU.Build.0 = Release|Any CPU
	EndGlobalSection
	GlobalSection(SolutionProperties) = preSolution
		HideSolutionNode = FALSE
	EndGlobalSection
	GlobalSection(ExtensibilityGlobals) = postSolution
		SolutionGuid = {23886E87-5027-4A64-B96E-1E830D537AA7}
	EndGlobalSection
EndGlobal
